
Microsoft Visual Studio Solution File, Format Version 12.00
# Visual Studio Version 16
VisualStudioVersion = 16.0.29318.209
MinimumVisualStudioVersion = 10.0.40219.1
Project("{FAE04EC0-301F-11D3-BF4B-00C04F79EFBC}") = "GettingStarted", "GettingStarted\GettingStarted.csproj", "{F840E7AB-6CD9-4103-85A4-791D8A45B63B}"
EndProject
Project("{FAE04EC0-301F-11D3-BF4B-00C04F79EFBC}") = "Enrichers", "EnrichersFinal\Enrichers.csproj", "{F4BC07AC-3C39-484E-8C04-374CA1096700}"
EndProject
Project("{FAE04EC0-301F-11D3-BF4B-00C04F79EFBC}") = "CreateYourOwnSink", "CreateYourOwnSink\CreateYourOwnSink.csproj", "{4A1CAE80-48F4-4535-B62B-31E67BC06D8F}"
EndProject
Project("{FAE04EC0-301F-11D3-BF4B-00C04F79EFBC}") = "Seq", "Seq\Seq.csproj", "{5A1D2CF7-ED4A-4EA6-B593-2C4BE87B7B20}"
EndProject
Project("{FAE04EC0-301F-11D3-BF4B-00C04F79EFBC}") = "AsyncExample", "AsyncExample\AsyncExample.csproj", "{2BFAD8B1-6FC0-4684-9DB3-94B0D5506D94}"
EndProject
Global
	GlobalSection(SolutionConfigurationPlatforms) = preSolution
		Debug|Any CPU = Debug|Any CPU
		Release|Any CPU = Release|Any CPU
	EndGlobalSection
	GlobalSection(ProjectConfigurationPlatforms) = postSolution
		{F840E7AB-6CD9-4103-85A4-791D8A45B63B}.Debug|Any CPU.ActiveCfg = Debug|Any CPU
		{F840E7AB-6CD9-4103-85A4-791D8A45B63B}.Debug|Any CPU.Build.0 = Debug|Any CPU
		{F840E7AB-6CD9-4103-85A4-791D8A45B63B}.Release|Any CPU.ActiveCfg = Release|Any CPU
		{F840E7AB-6CD9-4103-85A4-791D8A45B63B}.Release|Any CPU.Build.0 = Release|Any CPU
		{F4BC07AC-3C39-484E-8C04-374CA1096700}.Debug|Any CPU.ActiveCfg = Debug|Any CPU
		{F4BC07AC-3C39-484E-8C04-374CA1096700}.Debug|Any CPU.Build.0 = Debug|Any CPU
		{F4BC07AC-3C39-484E-8C04-374CA1096700}.Release|Any CPU.ActiveCfg = Release|Any CPU
		{F4BC07AC-3C39-484E-8C04-374CA1096700}.Release|Any CPU.Build.0 = Release|Any CPU
		{4A1CAE80-48F4-4535-B62B-31E67BC06D8F}.Debug|Any CPU.ActiveCfg = Debug|Any CPU
		{4A1CAE80-48F4-4535-B62B-31E67BC06D8F}.Debug|Any CPU.Build.0 = Debug|Any CPU
		{4A1CAE80-48F4-4535-B62B-31E67BC06D8F}.Release|Any CPU.ActiveCfg = Release|Any CPU
		{4A1CAE80-48F4-4535-B62B-31E67BC06D8F}.Release|Any CPU.Build.0 = Release|Any CPU
		{5A1D2CF7-ED4A-4EA6-B593-2C4BE87B7B20}.Debug|Any CPU.ActiveCfg = Debug|Any CPU
		{5A1D2CF7-ED4A-4EA6-B593-2C4BE87B7B20}.Debug|Any CPU.Build.0 = Debug|Any CPU
		{5A1D2CF7-ED4A-4EA6-B593-2C4BE87B7B20}.Release|Any CPU.ActiveCfg = Release|Any CPU
		{5A1D2CF7-ED4A-4EA6-B593-2C4BE87B7B20}.Release|Any CPU.Build.0 = Release|Any CPU
		{2BFAD8B1-6FC0-4684-9DB3-94B0D5506D94}.Debug|Any CPU.ActiveCfg = Debug|Any CPU
		{2BFAD8B1-6FC0-4684-9DB3-94B0D5506D94}.Debug|Any CPU.Build.0 = Debug|Any CPU
		{2BFAD8B1-6FC0-4684-9DB3-94B0D5506D94}.Release|Any CPU.ActiveCfg = Release|Any CPU
		{2BFAD8B1-6FC0-4684-9DB3-94B0D5506D94}.Release|Any CPU.Build.0 = Release|Any CPU
	EndGlobalSection
	GlobalSection(SolutionProperties) = preSolution
		HideSolutionNode = FALSE
	EndGlobalSection
	GlobalSection(ExtensibilityGlobals) = postSolution
		SolutionGuid = {E8886966-2BB9-45F6-AEDD-67E31A35BED5}
	EndGlobalSection
EndGlobal
